// !$*UTF8*$!
{
	archiveVersion = 1;
	classes = {
	};
	objectVersion = 46;
	objects = {

/* Begin PBXBuildFile section */
		F810B1AD2122CF70009AA9FC /* lessen2.cpp in Sources */ = {isa = PBXBuildFile; fileRef = F810B1AB2122CF70009AA9FC /* lessen2.cpp */; };
		F867ADD22121283600CDBEE1 /* main.cpp in Sources */ = {isa = PBXBuildFile; fileRef = F867ADD12121283600CDBEE1 /* main.cpp */; };
/* End PBXBuildFile section */

/* Begin PBXCopyFilesBuildPhase section */
		F867ADCC2121283600CDBEE1 /* CopyFiles */ = {
			isa = PBXCopyFilesBuildPhase;
			buildActionMask = 2147483647;
			dstPath = /usr/share/man/man1/;
			dstSubfolderSpec = 0;
			files = (
			);
			runOnlyForDeploymentPostprocessing = 1;
		};
/* End PBXCopyFilesBuildPhase section */

/* Begin PBXFileReference section */
		F810B1AB2122CF70009AA9FC /* lessen2.cpp */ = {isa = PBXFileReference; fileEncoding = 4; lastKnownFileType = sourcecode.cpp.cpp; path = lessen2.cpp; sourceTree = "<group>"; };
		F810B1AC2122CF70009AA9FC /* lessen2.hpp */ = {isa = PBXFileReference; fileEncoding = 4; lastKnownFileType = sourcecode.cpp.h; path = lessen2.hpp; sourceTree = "<group>"; };
		F867ADCE2121283600CDBEE1 /* dnndkcourse */ = {isa = PBXFileReference; explicitFileType = "compiled.mach-o.executable"; includeInIndex = 0; path = dnndkcourse; sourceTree = BUILT_PRODUCTS_DIR; };
		F867ADD12121283600CDBEE1 /* main.cpp */ = {isa = PBXFileReference; lastKnownFileType = sourcecode.cpp.cpp; path = main.cpp; sourceTree = "<group>"; };
		F867ADD821217A3D00CDBEE1 /* Header.h */ = {isa = PBXFileReference; lastKnownFileType = sourcecode.c.h; path = Header.h; sourceTree = "<group>"; };
/* End PBXFileReference section */

/* Begin PBXFrameworksBuildPhase section */
		F867ADCB2121283600CDBEE1 /* Frameworks */ = {
			isa = PBXFrameworksBuildPhase;
			buildActionMask = 2147483647;
			files = (
			);
			runOnlyForDeploymentPostprocessing = 0;
		};
/* End PBXFrameworksBuildPhase section */

/* Begin PBXGroup section */
		F867ADC52121283600CDBEE1 = {
			isa = PBXGroup;
			children = (
				F867ADD02121283600CDBEE1 /* dnndkcourse */,
				F867ADCF2121283600CDBEE1 /* Products */,
			);
			sourceTree = "<group>";
		};
		F867ADCF2121283600CDBEE1 /* Products */ = {
			isa = PBXGroup;
			children = (
				F867ADCE2121283600CDBEE1 /* dnndkcourse */,
			);
			name = Products;
			sourceTree = "<group>";
		};
		F867ADD02121283600CDBEE1 /* dnndkcourse */ = {
			isa = PBXGroup;
			children = (
				F867ADD12121283600CDBEE1 /* main.cpp */,
				F867ADD821217A3D00CDBEE1 /* Header.h */,
				F810B1AB2122CF70009AA9FC /* lessen2.cpp */,
				F810B1AC2122CF70009AA9FC /* lessen2.hpp */,
			);
			path = dnndkcourse;
			sourceTree = "<group>";
		};
/* End PBXGroup section */

/* Begin PBXNativeTarget section */
		F867ADCD2121283600CDBEE1 /* dnndkcourse */ = {
			isa = PBXNativeTarget;
			buildConfigurationList = F867ADD52121283600CDBEE1 /* Build configuration list for PBXNativeTarget "dnndkcourse" */;
			buildPhases = (
				F867ADCA2121283600CDBEE1 /* Sources */,
				F867ADCB2121283600CDBEE1 /* Frameworks */,
				F867ADCC2121283600CDBEE1 /* CopyFiles */,
			);
			buildRules = (
			);
			dependencies = (
			);
			name = dnndkcourse;
			productName = dnndkcourse;
			productReference = F867ADCE2121283600CDBEE1 /* dnndkcourse */;
			productType = "com.apple.product-type.tool";
		};
/* End PBXNativeTarget section */

/* Begin PBXProject section */
		F867ADC62121283600CDBEE1 /* Project object */ = {
			isa = PBXProject;
			attributes = {
				LastUpgradeCheck = 0800;
				ORGANIZATIONNAME = "袁劲松";
				TargetAttributes = {
					F867ADCD2121283600CDBEE1 = {
						CreatedOnToolsVersion = 8.0;
						ProvisioningStyle = Automatic;
					};
				};
			};
			buildConfigurationList = F867ADC92121283600CDBEE1 /* Build configuration list for PBXProject "dnndkcourse" */;
			compatibilityVersion = "Xcode 3.2";
			developmentRegion = English;
			hasScannedForEncodings = 0;
			knownRegions = (
				en,
			);
			mainGroup = F867ADC52121283600CDBEE1;
			productRefGroup = F867ADCF2121283600CDBEE1 /* Products */;
			projectDirPath = "";
			projectRoot = "";
			targets = (
				F867ADCD2121283600CDBEE1 /* dnndkcourse */,
			);
		};
/* End PBXProject section */

/* Begin PBXSourcesBuildPhase section */
		F867ADCA2121283600CDBEE1 /* Sources */ = {
			isa = PBXSourcesBuildPhase;
			buildActionMask = 2147483647;
			files = (
				F810B1AD2122CF70009AA9FC /* lessen2.cpp in Sources */,
				F867ADD22121283600CDBEE1 /* main.cpp in Sources */,
			);
			runOnlyForDeploymentPostprocessing = 0;
		};
/* End PBXSourcesBuildPhase section */

/* Begin XCBuildConfiguration section */
		F867ADD32121283600CDBEE1 /* Debug */ = {
			isa = XCBuildConfiguration;
			buildSettings = {
				ALWAYS_SEARCH_USER_PATHS = NO;
				CLANG_ANALYZER_NONNULL = YES;
				CLANG_CXX_LANGUAGE_STANDARD = "gnu++0x";
				CLANG_CXX_LIBRARY = "libc++";
				CLANG_ENABLE_MODULES = YES;
				CLANG_ENABLE_OBJC_ARC = YES;
				CLANG_WARN_BOOL_CONVERSION = YES;
				CLANG_WARN_CONSTANT_CONVERSION = YES;
				CLANG_WARN_DIRECT_OBJC_ISA_USAGE = YES_ERROR;
				CLANG_WARN_DOCUMENTATION_COMMENTS = YES;
				CLANG_WARN_EMPTY_BODY = YES;
				CLANG_WARN_ENUM_CONVERSION = YES;
				CLANG_WARN_INFINITE_RECURSION = YES;
				CLANG_WARN_INT_CONVERSION = YES;
				CLANG_WARN_OBJC_ROOT_CLASS = YES_ERROR;
				CLANG_WARN_SUSPICIOUS_MOVES = YES;
				CLANG_WARN_UNREACHABLE_CODE = YES;
				CLANG_WARN__DUPLICATE_METHOD_MATCH = YES;
				CODE_SIGN_IDENTITY = "-";
				COPY_PHASE_STRIP = NO;
				DEBUG_INFORMATION_FORMAT = dwarf;
				ENABLE_STRICT_OBJC_MSGSEND = YES;
				ENABLE_TESTABILITY = YES;
				GCC_C_LANGUAGE_STANDARD = gnu99;
				GCC_DYNAMIC_NO_PIC = NO;
				GCC_NO_COMMON_BLOCKS = YES;
				GCC_OPTIMIZATION_LEVEL = 0;
				GCC_PREPROCESSOR_DEFINITIONS = (
					"DEBUG=1",
					"$(inherited)",
				);
				GCC_WARN_64_TO_32_BIT_CONVERSION = YES;
				GCC_WARN_ABOUT_RETURN_TYPE = YES_ERROR;
				GCC_WARN_UNDECLARED_SELECTOR = YES;
				GCC_WARN_UNINITIALIZED_AUTOS = YES_AGGRESSIVE;
				GCC_WARN_UNUSED_FUNCTION = YES;
				GCC_WARN_UNUSED_VARIABLE = YES;
				MACOSX_DEPLOYMENT_TARGET = 10.11;
				MTL_ENABLE_DEBUG_INFO = YES;
				ONLY_ACTIVE_ARCH = YES;
				SDKROOT = macosx;
			};
			name = Debug;
		};
		F867ADD42121283600CDBEE1 /* Release */ = {
			isa = XCBuildConfiguration;
			buildSettings = {
				ALWAYS_SEARCH_USER_PATHS = NO;
				CLANG_ANALYZER_NONNULL = YES;
				CLANG_CXX_LANGUAGE_STANDARD = "gnu++0x";
				CLANG_CXX_LIBRARY = "libc++";
				CLANG_ENABLE_MODULES = YES;
				CLANG_ENABLE_OBJC_ARC = YES;
				CLANG_WARN_BOOL_CONVERSION = YES;
				CLANG_WARN_CONSTANT_CONVERSION = YES;
				CLANG_WARN_DIRECT_OBJC_ISA_USAGE = YES_ERROR;
				CLANG_WARN_DOCUMENTATION_COMMENTS = YES;
				CLANG_WARN_EMPTY_BODY = YES;
				CLANG_WARN_ENUM_CONVERSION = YES;
				CLANG_WARN_INFINITE_RECURSION = YES;
				CLANG_WARN_INT_CONVERSION = YES;
				CLANG_WARN_OBJC_ROOT_CLASS = YES_ERROR;
				CLANG_WARN_SUSPICIOUS_MOVES = YES;
				CLANG_WARN_UNREACHABLE_CODE = YES;
				CLANG_WARN__DUPLICATE_METHOD_MATCH = YES;
				CODE_SIGN_IDENTITY = "-";
				COPY_PHASE_STRIP = NO;
				DEBUG_INFORMATION_FORMAT = "dwarf-with-dsym";
				ENABLE_NS_ASSERTIONS = NO;
				ENABLE_STRICT_OBJC_MSGSEND = YES;
				GCC_C_LANGUAGE_STANDARD = gnu99;
				GCC_NO_COMMON_BLOCKS = YES;
				GCC_WARN_64_TO_32_BIT_CONVERSION = YES;
				GCC_WARN_ABOUT_RETURN_TYPE = YES_ERROR;
				GCC_WARN_UNDECLARED_SELECTOR = YES;
				GCC_WARN_UNINITIALIZED_AUTOS = YES_AGGRESSIVE;
				GCC_WARN_UNUSED_FUNCTION = YES;
				GCC_WARN_UNUSED_VARIABLE = YES;
				MACOSX_DEPLOYMENT_TARGET = 10.11;
				MTL_ENABLE_DEBUG_INFO = NO;
				SDKROOT = macosx;
			};
			name = Release;
		};
		F867ADD62121283600CDBEE1 /* Debug */ = {
			isa = XCBuildConfiguration;
			buildSettings = {
				PRODUCT_NAME = "$(TARGET_NAME)";
			};
			name = Debug;
		};
		F867ADD72121283600CDBEE1 /* Release */ = {
			isa = XCBuildConfiguration;
			buildSettings = {
				PRODUCT_NAME = "$(TARGET_NAME)";
			};
			name = Release;
		};
/* End XCBuildConfiguration section */

/* Begin XCConfigurationList section */
		F867ADC92121283600CDBEE1 /* Build configuration list for PBXProject "dnndkcourse" */ = {
			isa = XCConfigurationList;
			buildConfigurations = (
				F867ADD32121283600CDBEE1 /* Debug */,
				F867ADD42121283600CDBEE1 /* Release */,
			);
			defaultConfigurationIsVisible = 0;
			defaultConfigurationName = Release;
		};
		F867ADD52121283600CDBEE1 /* Build configuration list for PBXNativeTarget "dnndkcourse" */ = {
			isa = XCConfigurationList;
			buildConfigurations = (
				F867ADD62121283600CDBEE1 /* Debug */,
				F867ADD72121283600CDBEE1 /* Release */,
			);
			defaultConfigurationIsVisible = 0;
			defaultConfigurationName = Release;
		};
/* End XCConfigurationList section */
	};
	rootObject = F867ADC62121283600CDBEE1 /* Project object */;
}
